# This file is automatically @generated by Cargo.
# It is not intended for manual editing.
version = 4

[[package]]
name = "addr2line"
version = "0.24.2"
source = "registry+https://github.com/rust-lang/crates.io-index"
checksum = "dfbe277e56a376000877090da837660b4427aad530e3028d44e0bffe4f89a1c1"
dependencies = [
 "gimli",
]

[[package]]
name = "adler2"
version = "2.0.0"
source = "registry+https://github.com/rust-lang/crates.io-index"
checksum = "512761e0bb2578dd7380c6baaa0f4ce03e84f95e960231d1dec8bf4d7d6e2627"

[[package]]
name = "aho-corasick"
version = "1.1.3"
source = "registry+https://github.com/rust-lang/crates.io-index"
checksum = "8e60d3430d3a69478ad0993f19238d2df97c507009a52b3c10addcd7f6bcb916"
dependencies = [
 "memchr",
]

[[package]]
name = "anyhow"
version = "1.0.98"
source = "registry+https://github.com/rust-lang/crates.io-index"
checksum = "e16d2d3311acee920a9eb8d33b8cbc1787ce4a264e85f964c2404b969bdcd487"

[[package]]
name = "async-trait"
version = "0.1.88"
source = "registry+https://github.com/rust-lang/crates.io-index"
checksum = "e539d3fca749fcee5236ab05e93a52867dd549cc157c8cb7f99595f3cedffdb5"
dependencies = [
 "proc-macro2",
 "quote",
 "syn",
]

[[package]]
name = "autocfg"
version = "1.4.0"
source = "registry+https://github.com/rust-lang/crates.io-index"
checksum = "ace50bade8e6234aa140d9a2f552bbee1db4d353f69b8217bc503490fc1a9f26"

[[package]]
name = "backtrace"
version = "0.3.74"
source = "registry+https://github.com/rust-lang/crates.io-index"
checksum = "8d82cb332cdfaed17ae235a638438ac4d4839913cc2af585c3c6746e8f8bee1a"
dependencies = [
 "addr2line",
 "cfg-if",
 "libc",
 "miniz_oxide",
 "object",
 "rustc-demangle",
 "windows-targets",
]

[[package]]
name = "bitflags"
version = "2.9.0"
source = "registry+https://github.com/rust-lang/crates.io-index"
checksum = "5c8214115b7bf84099f1309324e63141d4c5d7cc26862f97a0a857dbefe165bd"

[[package]]
name = "bstr"
version = "1.12.0"
source = "registry+https://github.com/rust-lang/crates.io-index"
checksum = "234113d19d0d7d613b40e86fb654acf958910802bcceab913a4f9e7cda03b1a4"
dependencies = [
 "memchr",
 "regex-automata",
 "serde",
]

[[package]]
name = "camino"
version = "1.1.9"
source = "registry+https://github.com/rust-lang/crates.io-index"
checksum = "8b96ec4966b5813e2c0507c1f86115c8c5abaadc3980879c3424042a02fd1ad3"

[[package]]
name = "cargo-config2"
version = "0.1.32"
source = "registry+https://github.com/rust-lang/crates.io-index"
checksum = "6dc3749a36e0423c991f1e7a3e4ab0c36a1f489658313db4b187d401d79cc461"
dependencies = [
 "serde",
 "serde_derive",
 "toml_edit",
 "windows-sys 0.59.0",
]

[[package]]
name = "cargo-llvm-cov"
version = "0.6.16"
source = "registry+https://github.com/rust-lang/crates.io-index"
checksum = "c33091bb8baaf21eb24807559ece8ee6d4a37ef42509958d863b66f53557fc73"
dependencies = [
 "anyhow",
 "camino",
 "cargo-config2",
 "duct",
 "fs-err",
 "glob",
 "is_executable",
 "lcov2cobertura",
 "lexopt",
 "opener",
 "regex",
 "rustc-demangle",
 "ruzstd",
 "serde",
 "serde_derive",
 "serde_json",
 "shell-escape",
 "tar",
 "termcolor",
 "walkdir",
]

[[package]]
name = "cfg-if"
version = "1.0.0"
source = "registry+https://github.com/rust-lang/crates.io-index"
checksum = "baf1de4339761588bc0619e3cbc0120ee582ebb74b53b4efbf79117bd2da40fd"

[[package]]
name = "coap-lite"
version = "0.13.1"
source = "registry+https://github.com/rust-lang/crates.io-index"
checksum = "c03a13714f9ac01bf29ca4c969bdd1ef007174dfd06f703531add1cce2e8368c"
dependencies = [
 "coap-message 0.2.3",
 "coap-message 0.3.6",
 "lru_time_cache",
]

[[package]]
name = "coap-message"
version = "0.2.3"
source = "registry+https://github.com/rust-lang/crates.io-index"
checksum = "7cc888e15f6be910b58fda4f056f673f58fb9348ea45da014283a14e6d2b58ec"

[[package]]
name = "coap-message"
version = "0.3.6"
source = "registry+https://github.com/rust-lang/crates.io-index"
checksum = "185d26bfc9862ae17a065d361725e2301072125cb7200836d4b795285fded1f7"
dependencies = [
 "num-traits",
]

[[package]]
name = "duct"
version = "0.13.7"
source = "registry+https://github.com/rust-lang/crates.io-index"
checksum = "e4ab5718d1224b63252cd0c6f74f6480f9ffeb117438a2e0f5cf6d9a4798929c"
dependencies = [
 "libc",
 "once_cell",
 "os_pipe",
 "shared_child",
]

[[package]]
name = "equivalent"
version = "1.0.2"
source = "registry+https://github.com/rust-lang/crates.io-index"
checksum = "877a4ace8713b0bcf2a4e7eec82529c029f1d0619886d18145fea96c3ffe5c0f"

[[package]]
name = "errno"
version = "0.3.11"
source = "registry+https://github.com/rust-lang/crates.io-index"
checksum = "976dd42dc7e85965fe702eb8164f21f450704bdde31faefd6471dba214cb594e"
dependencies = [
 "libc",
 "windows-sys 0.52.0",
]

[[package]]
name = "filetime"
version = "0.2.25"
source = "registry+https://github.com/rust-lang/crates.io-index"
checksum = "35c0522e981e68cbfa8c3f978441a5f34b30b96e146b33cd3359176b50fe8586"
dependencies = [
 "cfg-if",
 "libc",
 "libredox",
 "windows-sys 0.59.0",
]

[[package]]
name = "fs-err"
version = "3.1.0"
source = "registry+https://github.com/rust-lang/crates.io-index"
checksum = "1f89bda4c2a21204059a977ed3bfe746677dfd137b83c339e702b0ac91d482aa"
dependencies = [
 "autocfg",
]

[[package]]
name = "gimli"
version = "0.31.1"
source = "registry+https://github.com/rust-lang/crates.io-index"
checksum = "07e28edb80900c19c28f1072f2e8aeca7fa06b23cd4169cefe1af5aa3260783f"

[[package]]
name = "glob"
version = "0.3.2"
source = "registry+https://github.com/rust-lang/crates.io-index"
checksum = "a8d1add55171497b4705a648c6b583acafb01d58050a51727785f0b2c8e0a2b2"

[[package]]
name = "hashbrown"
version = "0.15.3"
source = "registry+https://github.com/rust-lang/crates.io-index"
checksum = "84b26c544d002229e640969970a2e74021aadf6e2f96372b9c58eff97de08eb3"

[[package]]
name = "indexmap"
version = "2.9.0"
source = "registry+https://github.com/rust-lang/crates.io-index"
checksum = "cea70ddb795996207ad57735b50c5982d8844f38ba9ee5f1aedcfb708a2aa11e"
dependencies = [
 "equivalent",
 "hashbrown",
]

[[package]]
name = "is_executable"
version = "1.0.4"
source = "registry+https://github.com/rust-lang/crates.io-index"
checksum = "d4a1b5bad6f9072935961dfbf1cced2f3d129963d091b6f69f007fe04e758ae2"
dependencies = [
 "winapi",
]

[[package]]
name = "itoa"
version = "1.0.15"
source = "registry+https://github.com/rust-lang/crates.io-index"
checksum = "4a5f13b858c8d314ee3e8f639011f7ccefe71f97f96e50151fb991f267928e2c"

[[package]]
name = "lcov2cobertura"
version = "1.0.6"
source = "registry+https://github.com/rust-lang/crates.io-index"
checksum = "aaa0cf456e88a45378a5737f228c0800175d94be6856908dc4718b3a91c7c9f8"
dependencies = [
 "anyhow",
 "quick-xml",
 "regex",
 "rustc-demangle",
]

[[package]]
name = "lexopt"
version = "0.3.1"
source = "registry+https://github.com/rust-lang/crates.io-index"
checksum = "9fa0e2a1fcbe2f6be6c42e342259976206b383122fc152e872795338b5a3f3a7"

[[package]]
name = "libc"
version = "0.2.171"
source = "registry+https://github.com/rust-lang/crates.io-index"
checksum = "c19937216e9d3aa9956d9bb8dfc0b0c8beb6058fc4f7a4dc4d850edf86a237d6"

[[package]]
name = "libredox"
version = "0.1.3"
source = "registry+https://github.com/rust-lang/crates.io-index"
checksum = "c0ff37bd590ca25063e35af745c343cb7a0271906fb7b37e4813e8f79f00268d"
dependencies = [
 "bitflags",
 "libc",
 "redox_syscall",
]

[[package]]
name = "linux-raw-sys"
version = "0.9.4"
source = "registry+https://github.com/rust-lang/crates.io-index"
checksum = "cd945864f07fe9f5371a27ad7b52a172b4b499999f1d97574c9fa68373937e12"

[[package]]
name = "lru_time_cache"
version = "0.11.11"
source = "registry+https://github.com/rust-lang/crates.io-index"
checksum = "9106e1d747ffd48e6be5bb2d97fa706ed25b144fbee4d5c02eae110cd8d6badd"

[[package]]
name = "lwm2m-server-rs"
version = "0.1.0"
dependencies = [
 "async-trait",
 "cargo-llvm-cov",
 "coap-lite",
 "tokio",
 "tokio-bichannel",
]

[[package]]
name = "memchr"
version = "2.7.4"
source = "registry+https://github.com/rust-lang/crates.io-index"
checksum = "78ca9ab1a0babb1e7d5695e3530886289c18cf2f87ec19a575a0abdce112e3a3"

[[package]]
name = "miniz_oxide"
version = "0.8.5"
source = "registry+https://github.com/rust-lang/crates.io-index"
checksum = "8e3e04debbb59698c15bacbb6d93584a8c0ca9cc3213cb423d31f760d8843ce5"
dependencies = [
 "adler2",
]

[[package]]
name = "mio"
version = "1.0.3"
source = "registry+https://github.com/rust-lang/crates.io-index"
checksum = "2886843bf800fba2e3377cff24abf6379b4c4d5c6681eaf9ea5b0d15090450bd"
dependencies = [
 "libc",
 "wasi",
 "windows-sys 0.52.0",
]

[[package]]
name = "normpath"
version = "1.3.0"
source = "registry+https://github.com/rust-lang/crates.io-index"
checksum = "c8911957c4b1549ac0dc74e30db9c8b0e66ddcd6d7acc33098f4c63a64a6d7ed"
dependencies = [
 "windows-sys 0.59.0",
]

[[package]]
name = "num-traits"
version = "0.2.19"
source = "registry+https://github.com/rust-lang/crates.io-index"
checksum = "071dfc062690e90b734c0b2273ce72ad0ffa95f0c74596bc250dcfd960262841"
dependencies = [
 "autocfg",
]

[[package]]
name = "object"
version = "0.36.7"
source = "registry+https://github.com/rust-lang/crates.io-index"
checksum = "62948e14d923ea95ea2c7c86c71013138b66525b86bdc08d2dcc262bdb497b87"
dependencies = [
 "memchr",
]

[[package]]
name = "once_cell"
version = "1.21.3"
source = "registry+https://github.com/rust-lang/crates.io-index"
checksum = "42f5e15c9953c5e4ccceeb2e7382a716482c34515315f7b03532b8b4e8393d2d"

[[package]]
name = "opener"
version = "0.7.2"
source = "registry+https://github.com/rust-lang/crates.io-index"
checksum = "d0812e5e4df08da354c851a3376fead46db31c2214f849d3de356d774d057681"
dependencies = [
 "bstr",
 "normpath",
 "windows-sys 0.59.0",
]

[[package]]
name = "os_pipe"
version = "1.2.1"
source = "registry+https://github.com/rust-lang/crates.io-index"
checksum = "5ffd2b0a5634335b135d5728d84c5e0fd726954b87111f7506a61c502280d982"
dependencies = [
 "libc",
 "windows-sys 0.59.0",
]

[[package]]
name = "pin-project-lite"
version = "0.2.16"
source = "registry+https://github.com/rust-lang/crates.io-index"
checksum = "3b3cff922bd51709b605d9ead9aa71031d81447142d828eb4a6eba76fe619f9b"

[[package]]
name = "proc-macro2"
version = "1.0.94"
source = "registry+https://github.com/rust-lang/crates.io-index"
checksum = "a31971752e70b8b2686d7e46ec17fb38dad4051d94024c88df49b667caea9c84"
dependencies = [
 "unicode-ident",
]

[[package]]
name = "quick-xml"
version = "0.37.5"
source = "registry+https://github.com/rust-lang/crates.io-index"
checksum = "331e97a1af0bf59823e6eadffe373d7b27f485be8748f71471c662c1f269b7fb"
dependencies = [
 "memchr",
]

[[package]]
name = "quote"
version = "1.0.40"
source = "registry+https://github.com/rust-lang/crates.io-index"
checksum = "1885c039570dc00dcb4ff087a89e185fd56bae234ddc7f056a945bf36467248d"
dependencies = [
 "proc-macro2",
]

[[package]]
name = "redox_syscall"
version = "0.5.12"
source = "registry+https://github.com/rust-lang/crates.io-index"
checksum = "928fca9cf2aa042393a8325b9ead81d2f0df4cb12e1e24cef072922ccd99c5af"
dependencies = [
 "bitflags",
]

[[package]]
name = "regex"
version = "1.11.1"
source = "registry+https://github.com/rust-lang/crates.io-index"
checksum = "b544ef1b4eac5dc2db33ea63606ae9ffcfac26c1416a2806ae0bf5f56b201191"
dependencies = [
 "aho-corasick",
 "memchr",
 "regex-automata",
 "regex-syntax",
]

[[package]]
name = "regex-automata"
version = "0.4.9"
source = "registry+https://github.com/rust-lang/crates.io-index"
checksum = "809e8dc61f6de73b46c85f4c96486310fe304c434cfa43669d7b40f711150908"
dependencies = [
 "aho-corasick",
 "memchr",
 "regex-syntax",
]

[[package]]
name = "regex-syntax"
version = "0.8.5"
source = "registry+https://github.com/rust-lang/crates.io-index"
checksum = "2b15c43186be67a4fd63bee50d0303afffcef381492ebe2c5d87f324e1b8815c"

[[package]]
name = "rustc-demangle"
version = "0.1.24"
source = "registry+https://github.com/rust-lang/crates.io-index"
checksum = "719b953e2095829ee67db738b3bfa9fa368c94900df327b3f07fe6e794d2fe1f"

[[package]]
name = "rustix"
version = "1.0.7"
source = "registry+https://github.com/rust-lang/crates.io-index"
checksum = "c71e83d6afe7ff64890ec6b71d6a69bb8a610ab78ce364b3352876bb4c801266"
dependencies = [
 "bitflags",
 "errno",
 "libc",
 "linux-raw-sys",
 "windows-sys 0.52.0",
]

[[package]]
name = "ruzstd"
version = "0.8.1"
source = "registry+https://github.com/rust-lang/crates.io-index"
checksum = "3640bec8aad418d7d03c72ea2de10d5c646a598f9883c7babc160d91e3c1b26c"

[[package]]
name = "ryu"
version = "1.0.20"
source = "registry+https://github.com/rust-lang/crates.io-index"
checksum = "28d3b2b1366ec20994f1fd18c3c594f05c5dd4bc44d8bb0c1c632c8d6829481f"

[[package]]
name = "same-file"
version = "1.0.6"
source = "registry+https://github.com/rust-lang/crates.io-index"
checksum = "93fc1dc3aaa9bfed95e02e6eadabb4baf7e3078b0bd1b4d7b6b0b68378900502"
dependencies = [
 "winapi-util",
]

[[package]]
name = "serde"
version = "1.0.219"
source = "registry+https://github.com/rust-lang/crates.io-index"
checksum = "5f0e2c6ed6606019b4e29e69dbaba95b11854410e5347d525002456dbbb786b6"
dependencies = [
 "serde_derive",
]

[[package]]
name = "serde_derive"
version = "1.0.219"
source = "registry+https://github.com/rust-lang/crates.io-index"
checksum = "5b0276cf7f2c73365f7157c8123c21cd9a50fbbd844757af28ca1f5925fc2a00"
dependencies = [
 "proc-macro2",
 "quote",
 "syn",
]

[[package]]
name = "serde_json"
version = "1.0.140"
source = "registry+https://github.com/rust-lang/crates.io-index"
checksum = "20068b6e96dc6c9bd23e01df8827e6c7e1f2fddd43c21810382803c136b99373"
dependencies = [
 "itoa",
 "memchr",
 "ryu",
 "serde",
]

[[package]]
name = "serde_spanned"
version = "0.6.8"
source = "registry+https://github.com/rust-lang/crates.io-index"
checksum = "87607cb1398ed59d48732e575a4c28a7a8ebf2454b964fe3f224f2afc07909e1"
dependencies = [
 "serde",
]

[[package]]
name = "shared_child"
version = "1.0.2"
source = "registry+https://github.com/rust-lang/crates.io-index"
checksum = "7e297bd52991bbe0686c086957bee142f13df85d1e79b0b21630a99d374ae9dc"
dependencies = [
 "libc",
 "windows-sys 0.59.0",
]

[[package]]
name = "shell-escape"
version = "0.1.5"
source = "registry+https://github.com/rust-lang/crates.io-index"
checksum = "45bb67a18fa91266cc7807181f62f9178a6873bfad7dc788c42e6430db40184f"

[[package]]
name = "socket2"
version = "0.5.8"
source = "registry+https://github.com/rust-lang/crates.io-index"
checksum = "c970269d99b64e60ec3bd6ad27270092a5394c4e309314b18ae3fe575695fbe8"
dependencies = [
 "libc",
 "windows-sys 0.52.0",
]

[[package]]
name = "syn"
version = "2.0.100"
source = "registry+https://github.com/rust-lang/crates.io-index"
checksum = "b09a44accad81e1ba1cd74a32461ba89dee89095ba17b32f5d03683b1b1fc2a0"
dependencies = [
 "proc-macro2",
 "quote",
 "unicode-ident",
]

[[package]]
name = "tar"
version = "0.4.44"
source = "registry+https://github.com/rust-lang/crates.io-index"
checksum = "1d863878d212c87a19c1a610eb53bb01fe12951c0501cf5a0d65f724914a667a"
dependencies = [
 "filetime",
 "libc",
 "xattr",
]

[[package]]
name = "termcolor"
version = "1.4.1"
source = "registry+https://github.com/rust-lang/crates.io-index"
checksum = "06794f8f6c5c898b3275aebefa6b8a1cb24cd2c6c79397ab15774837a0bc5755"
dependencies = [
 "winapi-util",
]

[[package]]
name = "tokio"
version = "1.44.1"
source = "registry+https://github.com/rust-lang/crates.io-index"
checksum = "f382da615b842244d4b8738c82ed1275e6c5dd90c459a30941cd07080b06c91a"
dependencies = [
 "backtrace",
 "libc",
 "mio",
 "pin-project-lite",
 "socket2",
 "tokio-macros",
 "windows-sys 0.52.0",
]

[[package]]
name = "tokio-bichannel"
version = "1.0.2"
source = "registry+https://github.com/rust-lang/crates.io-index"
checksum = "4b64b19ef2761c8a31a94a3b8fa71392b15f9104cafd9eb7ccbc531e79f0ec33"
dependencies = [
 "tokio",
]

[[package]]
name = "tokio-macros"
version = "2.5.0"
source = "registry+https://github.com/rust-lang/crates.io-index"
checksum = "6e06d43f1345a3bcd39f6a56dbb7dcab2ba47e68e8ac134855e7e2bdbaf8cab8"
dependencies = [
 "proc-macro2",
 "quote",
 "syn",
]

[[package]]
name = "toml_datetime"
version = "0.6.9"
source = "registry+https://github.com/rust-lang/crates.io-index"
checksum = "3da5db5a963e24bc68be8b17b6fa82814bb22ee8660f192bb182771d498f09a3"
dependencies = [
 "serde",
]

[[package]]
name = "toml_edit"
version = "0.22.26"
source = "registry+https://github.com/rust-lang/crates.io-index"
checksum = "310068873db2c5b3e7659d2cc35d21855dbafa50d1ce336397c666e3cb08137e"
dependencies = [
 "indexmap",
 "serde",
 "serde_spanned",
 "toml_datetime",
 "winnow",
]

[[package]]
name = "unicode-ident"
version = "1.0.18"
source = "registry+https://github.com/rust-lang/crates.io-index"
checksum = "5a5f39404a5da50712a4c1eecf25e90dd62b613502b7e925fd4e4d19b5c96512"

[[package]]
name = "walkdir"
version = "2.5.0"
source = "registry+https://github.com/rust-lang/crates.io-index"
checksum = "29790946404f91d9c5d06f9874efddea1dc06c5efe94541a7d6863108e3a5e4b"
dependencies = [
 "same-file",
 "winapi-util",
]

[[package]]
name = "wasi"
version = "0.11.0+wasi-snapshot-preview1"
source = "registry+https://github.com/rust-lang/crates.io-index"
checksum = "9c8d87e72b64a3b4db28d11ce29237c246188f4f51057d65a7eab63b7987e423"

[[package]]
name = "winapi"
version = "0.3.9"
source = "registry+https://github.com/rust-lang/crates.io-index"
checksum = "5c839a674fcd7a98952e593242ea400abe93992746761e38641405d28b00f419"
dependencies = [
 "winapi-i686-pc-windows-gnu",
 "winapi-x86_64-pc-windows-gnu",
]

[[package]]
name = "winapi-i686-pc-windows-gnu"
version = "0.4.0"
source = "registry+https://github.com/rust-lang/crates.io-index"
checksum = "ac3b87c63620426dd9b991e5ce0329eff545bccbbb34f3be09ff6fb6ab51b7b6"

[[package]]
name = "winapi-util"
version = "0.1.9"
source = "registry+https://github.com/rust-lang/crates.io-index"
checksum = "cf221c93e13a30d793f7645a0e7762c55d169dbb0a49671918a2319d289b10bb"
dependencies = [
 "windows-sys 0.52.0",
]

[[package]]
name = "winapi-x86_64-pc-windows-gnu"
version = "0.4.0"
source = "registry+https://github.com/rust-lang/crates.io-index"
checksum = "712e227841d057c1ee1cd2fb22fa7e5a5461ae8e48fa2ca79ec42cfc1931183f"

[[package]]
name = "windows-sys"
version = "0.52.0"
source = "registry+https://github.com/rust-lang/crates.io-index"
checksum = "282be5f36a8ce781fad8c8ae18fa3f9beff57ec1b52cb3de0789201425d9a33d"
dependencies = [
 "windows-targets",
]

[[package]]
name = "windows-sys"
version = "0.59.0"
source = "registry+https://github.com/rust-lang/crates.io-index"
checksum = "1e38bc4d79ed67fd075bcc251a1c39b32a1776bbe92e5bef1f0bf1f8c531853b"
dependencies = [
 "windows-targets",
]

[[package]]
name = "windows-targets"
version = "0.52.6"
source = "registry+https://github.com/rust-lang/crates.io-index"
checksum = "9b724f72796e036ab90c1021d4780d4d3d648aca59e491e6b98e725b84e99973"
dependencies = [
 "windows_aarch64_gnullvm",
 "windows_aarch64_msvc",
 "windows_i686_gnu",
 "windows_i686_gnullvm",
 "windows_i686_msvc",
 "windows_x86_64_gnu",
 "windows_x86_64_gnullvm",
 "windows_x86_64_msvc",
]

[[package]]
name = "windows_aarch64_gnullvm"
version = "0.52.6"
source = "registry+https://github.com/rust-lang/crates.io-index"
checksum = "32a4622180e7a0ec044bb555404c800bc9fd9ec262ec147edd5989ccd0c02cd3"

[[package]]
name = "windows_aarch64_msvc"
version = "0.52.6"
source = "registry+https://github.com/rust-lang/crates.io-index"
checksum = "09ec2a7bb152e2252b53fa7803150007879548bc709c039df7627cabbd05d469"

[[package]]
name = "windows_i686_gnu"
version = "0.52.6"
source = "registry+https://github.com/rust-lang/crates.io-index"
checksum = "8e9b5ad5ab802e97eb8e295ac6720e509ee4c243f69d781394014ebfe8bbfa0b"

[[package]]
name = "windows_i686_gnullvm"
version = "0.52.6"
source = "registry+https://github.com/rust-lang/crates.io-index"
checksum = "0eee52d38c090b3caa76c563b86c3a4bd71ef1a819287c19d586d7334ae8ed66"

[[package]]
name = "windows_i686_msvc"
version = "0.52.6"
source = "registry+https://github.com/rust-lang/crates.io-index"
checksum = "240948bc05c5e7c6dabba28bf89d89ffce3e303022809e73deaefe4f6ec56c66"

[[package]]
name = "windows_x86_64_gnu"
version = "0.52.6"
source = "registry+https://github.com/rust-lang/crates.io-index"
checksum = "147a5c80aabfbf0c7d901cb5895d1de30ef2907eb21fbbab29ca94c5b08b1a78"

[[package]]
name = "windows_x86_64_gnullvm"
version = "0.52.6"
source = "registry+https://github.com/rust-lang/crates.io-index"
checksum = "24d5b23dc417412679681396f2b49f3de8c1473deb516bd34410872eff51ed0d"

[[package]]
name = "windows_x86_64_msvc"
version = "0.52.6"
source = "registry+https://github.com/rust-lang/crates.io-index"
checksum = "589f6da84c646204747d1270a2a5661ea66ed1cced2631d546fdfb155959f9ec"

[[package]]
name = "winnow"
version = "0.7.10"
source = "registry+https://github.com/rust-lang/crates.io-index"
checksum = "c06928c8748d81b05c9be96aad92e1b6ff01833332f281e8cfca3be4b35fc9ec"
dependencies = [
 "memchr",
]

[[package]]
name = "xattr"
version = "1.5.0"
source = "registry+https://github.com/rust-lang/crates.io-index"
checksum = "0d65cbf2f12c15564212d48f4e3dfb87923d25d611f2aed18f4cb23f0413d89e"
dependencies = [
 "libc",
 "rustix",
]
